{
  "meteor": {},
  "dependencies": {
    "basePackages": {
      "iron-router": {},
      "jquery-datatables": {}
    },
    "packages": {
      "iron-router": {
        "git": "https://github.com/EventedMind/iron-router.git",
        "tag": "v0.7.1",
        "commit": "d1ffb3f06ea4c112132b030f2eb1a70b81675ecb"
      },
      "jquery-datatables": {
        "git": "https://github.com/lumapictures/meteor-jquery-datatables",
        "tag": "v1.0.5",
        "commit": "fe4fb3178386f88eeac9139b7680646b320e321d"
      },
      "blaze-layout": {
        "git": "https://github.com/EventedMind/blaze-layout.git",
        "tag": "v0.2.4",
        "commit": "b40e9b0612329288d75cf52ad14a7da64bb8618f"
      },
      "luma-component": {
        "git": "https://github.com/LumaPictures/meteor-luma-component",
        "tag": "v1.0.5",
        "commit": "9d567068048e9ca82699b096e78c3f7ec76c0fa4"
      }
    }
  }
}
